
Microsoft Visual Studio Solution File, Format Version 12.00
# Visual Studio Version 17
VisualStudioVersion = 17.9.34902.65
MinimumVisualStudioVersion = 10.0.40219.1
Project("{FAE04EC0-301F-11D3-BF4B-00C04F79EFBC}") = "soNguyenTo", "soNguyenTo\soNguyenTo.csproj", "{721FF90F-82D9-4F1E-8F4B-2EB92AE7DC4C}"
EndProject
Project("{FAE04EC0-301F-11D3-BF4B-00C04F79EFBC}") = "testSoNguyenTo", "testSoNguyenTo\testSoNguyenTo.csproj", "{DD654F0C-4AA2-4C7A-B99C-D034F517DCA1}"
EndProject
Global
	GlobalSection(SolutionConfigurationPlatforms) = preSolution
		Debug|Any CPU = Debug|Any CPU
		Release|Any CPU = Release|Any CPU
	EndGlobalSection
	GlobalSection(ProjectConfigurationPlatforms) = postSolution
		{721FF90F-82D9-4F1E-8F4B-2EB92AE7DC4C}.Debug|Any CPU.ActiveCfg = Debug|Any CPU
		{721FF90F-82D9-4F1E-8F4B-2EB92AE7DC4C}.Debug|Any CPU.Build.0 = Debug|Any CPU
		{721FF90F-82D9-4F1E-8F4B-2EB92AE7DC4C}.Release|Any CPU.ActiveCfg = Release|Any CPU
		{721FF90F-82D9-4F1E-8F4B-2EB92AE7DC4C}.Release|Any CPU.Build.0 = Release|Any CPU
		{DD654F0C-4AA2-4C7A-B99C-D034F517DCA1}.Debug|Any CPU.ActiveCfg = Debug|Any CPU
		{DD654F0C-4AA2-4C7A-B99C-D034F517DCA1}.Debug|Any CPU.Build.0 = Debug|Any CPU
		{DD654F0C-4AA2-4C7A-B99C-D034F517DCA1}.Release|Any CPU.ActiveCfg = Release|Any CPU
		{DD654F0C-4AA2-4C7A-B99C-D034F517DCA1}.Release|Any CPU.Build.0 = Release|Any CPU
	EndGlobalSection
	GlobalSection(SolutionProperties) = preSolution
		HideSolutionNode = FALSE
	EndGlobalSection
	GlobalSection(ExtensibilityGlobals) = postSolution
		SolutionGuid = {A1E0B64F-4C18-4BAE-838A-EB71317C16A9}
	EndGlobalSection
EndGlobal
