
Microsoft Visual Studio Solution File, Format Version 12.00
# Visual Studio Version 17
VisualStudioVersion = 17.9.34902.65
MinimumVisualStudioVersion = 10.0.40219.1
Project("{FAE04EC0-301F-11D3-BF4B-00C04F79EFBC}") = "web", "web\web.csproj", "{F2EA7F15-8783-497E-816F-32F7F17374EF}"
EndProject
Global
	GlobalSection(SolutionConfigurationPlatforms) = preSolution
		Debug|Any CPU = Debug|Any CPU
		Release|Any CPU = Release|Any CPU
	EndGlobalSection
	GlobalSection(ProjectConfigurationPlatforms) = postSolution
		{F2EA7F15-8783-497E-816F-32F7F17374EF}.Debug|Any CPU.ActiveCfg = Debug|Any CPU
		{F2EA7F15-8783-497E-816F-32F7F17374EF}.Debug|Any CPU.Build.0 = Debug|Any CPU
		{F2EA7F15-8783-497E-816F-32F7F17374EF}.Release|Any CPU.ActiveCfg = Release|Any CPU
		{F2EA7F15-8783-497E-816F-32F7F17374EF}.Release|Any CPU.Build.0 = Release|Any CPU
	EndGlobalSection
	GlobalSection(SolutionProperties) = preSolution
		HideSolutionNode = FALSE
	EndGlobalSection
	GlobalSection(ExtensibilityGlobals) = postSolution
		SolutionGuid = {B88C1BCB-0E3B-46DD-B9EA-30813B6714BC}
	EndGlobalSection
EndGlobal
